
Microsoft Visual Studio Solution File, Format Version 12.00
# Visual Studio Version 16
VisualStudioVersion = 16.0.30611.23
MinimumVisualStudioVersion = 10.0.40219.1
Project("{FAE04EC0-301F-11D3-BF4B-00C04F79EFBC}") = "RefAndOut", "RefAndOut\RefAndOut.csproj", "{9E272269-4844-4C47-9550-143B265C6FA7}"
EndProject
Global
	GlobalSection(SolutionConfigurationPlatforms) = preSolution
		Debug|Any CPU = Debug|Any CPU
		Release|Any CPU = Release|Any CPU
	EndGlobalSection
	GlobalSection(ProjectConfigurationPlatforms) = postSolution
		{9E272269-4844-4C47-9550-143B265C6FA7}.Debug|Any CPU.ActiveCfg = Debug|Any CPU
		{9E272269-4844-4C47-9550-143B265C6FA7}.Debug|Any CPU.Build.0 = Debug|Any CPU
		{9E272269-4844-4C47-9550-143B265C6FA7}.Release|Any CPU.ActiveCfg = Release|Any CPU
		{9E272269-4844-4C47-9550-143B265C6FA7}.Release|Any CPU.Build.0 = Release|Any CPU
	EndGlobalSection
	GlobalSection(SolutionProperties) = preSolution
		HideSolutionNode = FALSE
	EndGlobalSection
	GlobalSection(ExtensibilityGlobals) = postSolution
		SolutionGuid = {D1BF49C2-D070-45FD-8DAB-4740B80048D8}
	EndGlobalSection
EndGlobal
